
Microsoft Visual Studio Solution File, Format Version 12.00
# Visual Studio Version 17
VisualStudioVersion = 17.8.34322.80
MinimumVisualStudioVersion = 10.0.40219.1
Project("{FAE04EC0-301F-11D3-BF4B-00C04F79EFBC}") = "Parcel2GoTest", "Parcel2GoTest\Parcel2GoTest.csproj", "{BFE9F37C-FB76-4C27-8DC0-E144BCE63BB2}"
EndProject
Project("{FAE04EC0-301F-11D3-BF4B-00C04F79EFBC}") = "Parcel2GoTestTests", "Parcel2GoTestTests\Parcel2GoTestTests.csproj", "{478D311B-B558-4C9A-AE4E-0CA4C5322791}"
EndProject
Global
	GlobalSection(SolutionConfigurationPlatforms) = preSolution
		Debug|Any CPU = Debug|Any CPU
		Release|Any CPU = Release|Any CPU
	EndGlobalSection
	GlobalSection(ProjectConfigurationPlatforms) = postSolution
		{BFE9F37C-FB76-4C27-8DC0-E144BCE63BB2}.Debug|Any CPU.ActiveCfg = Debug|Any CPU
		{BFE9F37C-FB76-4C27-8DC0-E144BCE63BB2}.Debug|Any CPU.Build.0 = Debug|Any CPU
		{BFE9F37C-FB76-4C27-8DC0-E144BCE63BB2}.Release|Any CPU.ActiveCfg = Release|Any CPU
		{BFE9F37C-FB76-4C27-8DC0-E144BCE63BB2}.Release|Any CPU.Build.0 = Release|Any CPU
		{478D311B-B558-4C9A-AE4E-0CA4C5322791}.Debug|Any CPU.ActiveCfg = Debug|Any CPU
		{478D311B-B558-4C9A-AE4E-0CA4C5322791}.Debug|Any CPU.Build.0 = Debug|Any CPU
		{478D311B-B558-4C9A-AE4E-0CA4C5322791}.Release|Any CPU.ActiveCfg = Release|Any CPU
		{478D311B-B558-4C9A-AE4E-0CA4C5322791}.Release|Any CPU.Build.0 = Release|Any CPU
	EndGlobalSection
	GlobalSection(SolutionProperties) = preSolution
		HideSolutionNode = FALSE
	EndGlobalSection
	GlobalSection(ExtensibilityGlobals) = postSolution
		SolutionGuid = {0258D0B3-7E6B-4A53-A280-E51FC3EEBEE6}
	EndGlobalSection
EndGlobal
